// !$*UTF8*$!
{
	archiveVersion = 1;
	classes = {
	};
	objectVersion = 50;
	objects = {

/* Begin PBXBuildFile section */
		BEAABC992609A0EA00A18D38 /* AppDelegate.swift in Sources */ = {isa = PBXBuildFile; fileRef = BEAABC982609A0EA00A18D38 /* AppDelegate.swift */; };
		BEAABC9B2609A0EA00A18D38 /* ViewController.swift in Sources */ = {isa = PBXBuildFile; fileRef = BEAABC9A2609A0EA00A18D38 /* ViewController.swift */; };
		BEAABC9E2609A0EA00A18D38 /* Main.storyboard in Resources */ = {isa = PBXBuildFile; fileRef = BEAABC9C2609A0EA00A18D38 /* Main.storyboard */; };
		BEAABCA02609A0EB00A18D38 /* Assets.xcassets in Resources */ = {isa = PBXBuildFile; fileRef = BEAABC9F2609A0EB00A18D38 /* Assets.xcassets */; };
		BEAABCA32609A0EB00A18D38 /* LaunchScreen.storyboard in Resources */ = {isa = PBXBuildFile; fileRef = BEAABCA12609A0EB00A18D38 /* LaunchScreen.storyboard */; };
		BEAABCAE2609A0EB00A18D38 /* GCDTests.swift in Sources */ = {isa = PBXBuildFile; fileRef = BEAABCAD2609A0EB00A18D38 /* GCDTests.swift */; };
		BEAABCB92609A0EB00A18D38 /* GCDUITests.swift in Sources */ = {isa = PBXBuildFile; fileRef = BEAABCB82609A0EB00A18D38 /* GCDUITests.swift */; };
/* End PBXBuildFile section */

/* Begin PBXContainerItemProxy section */
		BEAABCAA2609A0EB00A18D38 /* PBXContainerItemProxy */ = {
			isa = PBXContainerItemProxy;
			containerPortal = BEAABC8D2609A0EA00A18D38 /* Project object */;
			proxyType = 1;
			remoteGlobalIDString = BEAABC942609A0EA00A18D38;
			remoteInfo = GCD;
		};
		BEAABCB52609A0EB00A18D38 /* PBXContainerItemProxy */ = {
			isa = PBXContainerItemProxy;
			containerPortal = BEAABC8D2609A0EA00A18D38 /* Project object */;
			proxyType = 1;
			remoteGlobalIDString = BEAABC942609A0EA00A18D38;
			remoteInfo = GCD;
		};
/* End PBXContainerItemProxy section */

/* Begin PBXFileReference section */
		BEAABC952609A0EA00A18D38 /* GCD.app */ = {isa = PBXFileReference; explicitFileType = wrapper.application; includeInIndex = 0; path = GCD.app; sourceTree = BUILT_PRODUCTS_DIR; };
		BEAABC982609A0EA00A18D38 /* AppDelegate.swift */ = {isa = PBXFileReference; lastKnownFileType = sourcecode.swift; path = AppDelegate.swift; sourceTree = "<group>"; };
		BEAABC9A2609A0EA00A18D38 /* ViewController.swift */ = {isa = PBXFileReference; lastKnownFileType = sourcecode.swift; path = ViewController.swift; sourceTree = "<group>"; };
		BEAABC9D2609A0EA00A18D38 /* Base */ = {isa = PBXFileReference; lastKnownFileType = file.storyboard; name = Base; path = Base.lproj/Main.storyboard; sourceTree = "<group>"; };
		BEAABC9F2609A0EB00A18D38 /* Assets.xcassets */ = {isa = PBXFileReference; lastKnownFileType = folder.assetcatalog; path = Assets.xcassets; sourceTree = "<group>"; };
		BEAABCA22609A0EB00A18D38 /* Base */ = {isa = PBXFileReference; lastKnownFileType = file.storyboard; name = Base; path = Base.lproj/LaunchScreen.storyboard; sourceTree = "<group>"; };
		BEAABCA42609A0EB00A18D38 /* Info.plist */ = {isa = PBXFileReference; lastKnownFileType = text.plist.xml; path = Info.plist; sourceTree = "<group>"; };
		BEAABCA92609A0EB00A18D38 /* GCDTests.xctest */ = {isa = PBXFileReference; explicitFileType = wrapper.cfbundle; includeInIndex = 0; path = GCDTests.xctest; sourceTree = BUILT_PRODUCTS_DIR; };
		BEAABCAD2609A0EB00A18D38 /* GCDTests.swift */ = {isa = PBXFileReference; lastKnownFileType = sourcecode.swift; path = GCDTests.swift; sourceTree = "<group>"; };
		BEAABCAF2609A0EB00A18D38 /* Info.plist */ = {isa = PBXFileReference; lastKnownFileType = text.plist.xml; path = Info.plist; sourceTree = "<group>"; };
		BEAABCB42609A0EB00A18D38 /* GCDUITests.xctest */ = {isa = PBXFileReference; explicitFileType = wrapper.cfbundle; includeInIndex = 0; path = GCDUITests.xctest; sourceTree = BUILT_PRODUCTS_DIR; };
		BEAABCB82609A0EB00A18D38 /* GCDUITests.swift */ = {isa = PBXFileReference; lastKnownFileType = sourcecode.swift; path = GCDUITests.swift; sourceTree = "<group>"; };
		BEAABCBA2609A0EB00A18D38 /* Info.plist */ = {isa = PBXFileReference; lastKnownFileType = text.plist.xml; path = Info.plist; sourceTree = "<group>"; };
/* End PBXFileReference section */

/* Begin PBXFrameworksBuildPhase section */
		BEAABC922609A0EA00A18D38 /* Frameworks */ = {
			isa = PBXFrameworksBuildPhase;
			buildActionMask = 2147483647;
			files = (
			);
			runOnlyForDeploymentPostprocessing = 0;
		};
		BEAABCA62609A0EB00A18D38 /* Frameworks */ = {
			isa = PBXFrameworksBuildPhase;
			buildActionMask = 2147483647;
			files = (
			);
			runOnlyForDeploymentPostprocessing = 0;
		};
		BEAABCB12609A0EB00A18D38 /* Frameworks */ = {
			isa = PBXFrameworksBuildPhase;
			buildActionMask = 2147483647;
			files = (
			);
			runOnlyForDeploymentPostprocessing = 0;
		};
/* End PBXFrameworksBuildPhase section */

/* Begin PBXGroup section */
		BEAABC8C2609A0EA00A18D38 = {
			isa = PBXGroup;
			children = (
				BEAABC972609A0EA00A18D38 /* GCD */,
				BEAABCAC2609A0EB00A18D38 /* GCDTests */,
				BEAABCB72609A0EB00A18D38 /* GCDUITests */,
				BEAABC962609A0EA00A18D38 /* Products */,
			);
			sourceTree = "<group>";
		};
		BEAABC962609A0EA00A18D38 /* Products */ = {
			isa = PBXGroup;
			children = (
				BEAABC952609A0EA00A18D38 /* GCD.app */,
				BEAABCA92609A0EB00A18D38 /* GCDTests.xctest */,
				BEAABCB42609A0EB00A18D38 /* GCDUITests.xctest */,
			);
			name = Products;
			sourceTree = "<group>";
		};
		BEAABC972609A0EA00A18D38 /* GCD */ = {
			isa = PBXGroup;
			children = (
				BEAABC982609A0EA00A18D38 /* AppDelegate.swift */,
				BEAABC9A2609A0EA00A18D38 /* ViewController.swift */,
				BEAABC9C2609A0EA00A18D38 /* Main.storyboard */,
				BEAABC9F2609A0EB00A18D38 /* Assets.xcassets */,
				BEAABCA12609A0EB00A18D38 /* LaunchScreen.storyboard */,
				BEAABCA42609A0EB00A18D38 /* Info.plist */,
			);
			path = GCD;
			sourceTree = "<group>";
		};
		BEAABCAC2609A0EB00A18D38 /* GCDTests */ = {
			isa = PBXGroup;
			children = (
				BEAABCAD2609A0EB00A18D38 /* GCDTests.swift */,
				BEAABCAF2609A0EB00A18D38 /* Info.plist */,
			);
			path = GCDTests;
			sourceTree = "<group>";
		};
		BEAABCB72609A0EB00A18D38 /* GCDUITests */ = {
			isa = PBXGroup;
			children = (
				BEAABCB82609A0EB00A18D38 /* GCDUITests.swift */,
				BEAABCBA2609A0EB00A18D38 /* Info.plist */,
			);
			path = GCDUITests;
			sourceTree = "<group>";
		};
/* End PBXGroup section */

/* Begin PBXNativeTarget section */
		BEAABC942609A0EA00A18D38 /* GCD */ = {
			isa = PBXNativeTarget;
			buildConfigurationList = BEAABCBD2609A0EB00A18D38 /* Build configuration list for PBXNativeTarget "GCD" */;
			buildPhases = (
				BEAABC912609A0EA00A18D38 /* Sources */,
				BEAABC922609A0EA00A18D38 /* Frameworks */,
				BEAABC932609A0EA00A18D38 /* Resources */,
			);
			buildRules = (
			);
			dependencies = (
			);
			name = GCD;
			productName = GCD;
			productReference = BEAABC952609A0EA00A18D38 /* GCD.app */;
			productType = "com.apple.product-type.application";
		};
		BEAABCA82609A0EB00A18D38 /* GCDTests */ = {
			isa = PBXNativeTarget;
			buildConfigurationList = BEAABCC02609A0EB00A18D38 /* Build configuration list for PBXNativeTarget "GCDTests" */;
			buildPhases = (
				BEAABCA52609A0EB00A18D38 /* Sources */,
				BEAABCA62609A0EB00A18D38 /* Frameworks */,
				BEAABCA72609A0EB00A18D38 /* Resources */,
			);
			buildRules = (
			);
			dependencies = (
				BEAABCAB2609A0EB00A18D38 /* PBXTargetDependency */,
			);
			name = GCDTests;
			productName = GCDTests;
			productReference = BEAABCA92609A0EB00A18D38 /* GCDTests.xctest */;
			productType = "com.apple.product-type.bundle.unit-test";
		};
		BEAABCB32609A0EB00A18D38 /* GCDUITests */ = {
			isa = PBXNativeTarget;
			buildConfigurationList = BEAABCC32609A0EB00A18D38 /* Build configuration list for PBXNativeTarget "GCDUITests" */;
			buildPhases = (
				BEAABCB02609A0EB00A18D38 /* Sources */,
				BEAABCB12609A0EB00A18D38 /* Frameworks */,
				BEAABCB22609A0EB00A18D38 /* Resources */,
			);
			buildRules = (
			);
			dependencies = (
				BEAABCB62609A0EB00A18D38 /* PBXTargetDependency */,
			);
			name = GCDUITests;
			productName = GCDUITests;
			productReference = BEAABCB42609A0EB00A18D38 /* GCDUITests.xctest */;
			productType = "com.apple.product-type.bundle.ui-testing";
		};
/* End PBXNativeTarget section */

/* Begin PBXProject section */
		BEAABC8D2609A0EA00A18D38 /* Project object */ = {
			isa = PBXProject;
			attributes = {
				LastSwiftUpdateCheck = 1010;
				LastUpgradeCheck = 1010;
				ORGANIZATIONNAME = "Sarika Thakur";
				TargetAttributes = {
					BEAABC942609A0EA00A18D38 = {
						CreatedOnToolsVersion = 10.1;
					};
					BEAABCA82609A0EB00A18D38 = {
						CreatedOnToolsVersion = 10.1;
						TestTargetID = BEAABC942609A0EA00A18D38;
					};
					BEAABCB32609A0EB00A18D38 = {
						CreatedOnToolsVersion = 10.1;
						TestTargetID = BEAABC942609A0EA00A18D38;
					};
				};
			};
			buildConfigurationList = BEAABC902609A0EA00A18D38 /* Build configuration list for PBXProject "GCD" */;
			compatibilityVersion = "Xcode 9.3";
			developmentRegion = en;
			hasScannedForEncodings = 0;
			knownRegions = (
				en,
				Base,
			);
			mainGroup = BEAABC8C2609A0EA00A18D38;
			productRefGroup = BEAABC962609A0EA00A18D38 /* Products */;
			projectDirPath = "";
			projectRoot = "";
			targets = (
				BEAABC942609A0EA00A18D38 /* GCD */,
				BEAABCA82609A0EB00A18D38 /* GCDTests */,
				BEAABCB32609A0EB00A18D38 /* GCDUITests */,
			);
		};
/* End PBXProject section */

/* Begin PBXResourcesBuildPhase section */
		BEAABC932609A0EA00A18D38 /* Resources */ = {
			isa = PBXResourcesBuildPhase;
			buildActionMask = 2147483647;
			files = (
				BEAABCA32609A0EB00A18D38 /* LaunchScreen.storyboard in Resources */,
				BEAABCA02609A0EB00A18D38 /* Assets.xcassets in Resources */,
				BEAABC9E2609A0EA00A18D38 /* Main.storyboard in Resources */,
			);
			runOnlyForDeploymentPostprocessing = 0;
		};
		BEAABCA72609A0EB00A18D38 /* Resources */ = {
			isa = PBXResourcesBuildPhase;
			buildActionMask = 2147483647;
			files = (
			);
			runOnlyForDeploymentPostprocessing = 0;
		};
		BEAABCB22609A0EB00A18D38 /* Resources */ = {
			isa = PBXResourcesBuildPhase;
			buildActionMask = 2147483647;
			files = (
			);
			runOnlyForDeploymentPostprocessing = 0;
		};
/* End PBXResourcesBuildPhase section */

/* Begin PBXSourcesBuildPhase section */
		BEAABC912609A0EA00A18D38 /* Sources */ = {
			isa = PBXSourcesBuildPhase;
			buildActionMask = 2147483647;
			files = (
				BEAABC9B2609A0EA00A18D38 /* ViewController.swift in Sources */,
				BEAABC992609A0EA00A18D38 /* AppDelegate.swift in Sources */,
			);
			runOnlyForDeploymentPostprocessing = 0;
		};
		BEAABCA52609A0EB00A18D38 /* Sources */ = {
			isa = PBXSourcesBuildPhase;
			buildActionMask = 2147483647;
			files = (
				BEAABCAE2609A0EB00A18D38 /* GCDTests.swift in Sources */,
			);
			runOnlyForDeploymentPostprocessing = 0;
		};
		BEAABCB02609A0EB00A18D38 /* Sources */ = {
			isa = PBXSourcesBuildPhase;
			buildActionMask = 2147483647;
			files = (
				BEAABCB92609A0EB00A18D38 /* GCDUITests.swift in Sources */,
			);
			runOnlyForDeploymentPostprocessing = 0;
		};
/* End PBXSourcesBuildPhase section */

/* Begin PBXTargetDependency section */
		BEAABCAB2609A0EB00A18D38 /* PBXTargetDependency */ = {
			isa = PBXTargetDependency;
			target = BEAABC942609A0EA00A18D38 /* GCD */;
			targetProxy = BEAABCAA2609A0EB00A18D38 /* PBXContainerItemProxy */;
		};
		BEAABCB62609A0EB00A18D38 /* PBXTargetDependency */ = {
			isa = PBXTargetDependency;
			target = BEAABC942609A0EA00A18D38 /* GCD */;
			targetProxy = BEAABCB52609A0EB00A18D38 /* PBXContainerItemProxy */;
		};
/* End PBXTargetDependency section */

/* Begin PBXVariantGroup section */
		BEAABC9C2609A0EA00A18D38 /* Main.storyboard */ = {
			isa = PBXVariantGroup;
			children = (
				BEAABC9D2609A0EA00A18D38 /* Base */,
			);
			name = Main.storyboard;
			sourceTree = "<group>";
		};
		BEAABCA12609A0EB00A18D38 /* LaunchScreen.storyboard */ = {
			isa = PBXVariantGroup;
			children = (
				BEAABCA22609A0EB00A18D38 /* Base */,
			);
			name = LaunchScreen.storyboard;
			sourceTree = "<group>";
		};
/* End PBXVariantGroup section */

/* Begin XCBuildConfiguration section */
		BEAABCBB2609A0EB00A18D38 /* Debug */ = {
			isa = XCBuildConfiguration;
			buildSettings = {
				ALWAYS_SEARCH_USER_PATHS = NO;
				CLANG_ANALYZER_NONNULL = YES;
				CLANG_ANALYZER_NUMBER_OBJECT_CONVERSION = YES_AGGRESSIVE;
				CLANG_CXX_LANGUAGE_STANDARD = "gnu++14";
				CLANG_CXX_LIBRARY = "libc++";
				CLANG_ENABLE_MODULES = YES;
				CLANG_ENABLE_OBJC_ARC = YES;
				CLANG_ENABLE_OBJC_WEAK = YES;
				CLANG_WARN_BLOCK_CAPTURE_AUTORELEASING = YES;
				CLANG_WARN_BOOL_CONVERSION = YES;
				CLANG_WARN_COMMA = YES;
				CLANG_WARN_CONSTANT_CONVERSION = YES;
				CLANG_WARN_DEPRECATED_OBJC_IMPLEMENTATIONS = YES;
				CLANG_WARN_DIRECT_OBJC_ISA_USAGE = YES_ERROR;
				CLANG_WARN_DOCUMENTATION_COMMENTS = YES;
				CLANG_WARN_EMPTY_BODY = YES;
				CLANG_WARN_ENUM_CONVERSION = YES;
				CLANG_WARN_INFINITE_RECURSION = YES;
				CLANG_WARN_INT_CONVERSION = YES;
				CLANG_WARN_NON_LITERAL_NULL_CONVERSION = YES;
				CLANG_WARN_OBJC_IMPLICIT_RETAIN_SELF = YES;
				CLANG_WARN_OBJC_LITERAL_CONVERSION = YES;
				CLANG_WARN_OBJC_ROOT_CLASS = YES_ERROR;
				CLANG_WARN_RANGE_LOOP_ANALYSIS = YES;
				CLANG_WARN_STRICT_PROTOTYPES = YES;
				CLANG_WARN_SUSPICIOUS_MOVE = YES;
				CLANG_WARN_UNGUARDED_AVAILABILITY = YES_AGGRESSIVE;
				CLANG_WARN_UNREACHABLE_CODE = YES;
				CLANG_WARN__DUPLICATE_METHOD_MATCH = YES;
				CODE_SIGN_IDENTITY = "iPhone Developer";
				COPY_PHASE_STRIP = NO;
				DEBUG_INFORMATION_FORMAT = dwarf;
				ENABLE_STRICT_OBJC_MSGSEND = YES;
				ENABLE_TESTABILITY = YES;
				GCC_C_LANGUAGE_STANDARD = gnu11;
				GCC_DYNAMIC_NO_PIC = NO;
				GCC_NO_COMMON_BLOCKS = YES;
				GCC_OPTIMIZATION_LEVEL = 0;
				GCC_PREPROCESSOR_DEFINITIONS = (
					"DEBUG=1",
					"$(inherited)",
				);
				GCC_WARN_64_TO_32_BIT_CONVERSION = YES;
				GCC_WARN_ABOUT_RETURN_TYPE = YES_ERROR;
				GCC_WARN_UNDECLARED_SELECTOR = YES;
				GCC_WARN_UNINITIALIZED_AUTOS = YES_AGGRESSIVE;
				GCC_WARN_UNUSED_FUNCTION = YES;
				GCC_WARN_UNUSED_VARIABLE = YES;
				IPHONEOS_DEPLOYMENT_TARGET = 12.1;
				MTL_ENABLE_DEBUG_INFO = INCLUDE_SOURCE;
				MTL_FAST_MATH = YES;
				ONLY_ACTIVE_ARCH = YES;
				SDKROOT = iphoneos;
				SWIFT_ACTIVE_COMPILATION_CONDITIONS = DEBUG;
				SWIFT_OPTIMIZATION_LEVEL = "-Onone";
			};
			name = Debug;
		};
		BEAABCBC2609A0EB00A18D38 /* Release */ = {
			isa = XCBuildConfiguration;
			buildSettings = {
				ALWAYS_SEARCH_USER_PATHS = NO;
				CLANG_ANALYZER_NONNULL = YES;
				CLANG_ANALYZER_NUMBER_OBJECT_CONVERSION = YES_AGGRESSIVE;
				CLANG_CXX_LANGUAGE_STANDARD = "gnu++14";
				CLANG_CXX_LIBRARY = "libc++";
				CLANG_ENABLE_MODULES = YES;
				CLANG_ENABLE_OBJC_ARC = YES;
				CLANG_ENABLE_OBJC_WEAK = YES;
				CLANG_WARN_BLOCK_CAPTURE_AUTORELEASING = YES;
				CLANG_WARN_BOOL_CONVERSION = YES;
				CLANG_WARN_COMMA = YES;
				CLANG_WARN_CONSTANT_CONVERSION = YES;
				CLANG_WARN_DEPRECATED_OBJC_IMPLEMENTATIONS = YES;
				CLANG_WARN_DIRECT_OBJC_ISA_USAGE = YES_ERROR;
				CLANG_WARN_DOCUMENTATION_COMMENTS = YES;
				CLANG_WARN_EMPTY_BODY = YES;
				CLANG_WARN_ENUM_CONVERSION = YES;
				CLANG_WARN_INFINITE_RECURSION = YES;
				CLANG_WARN_INT_CONVERSION = YES;
				CLANG_WARN_NON_LITERAL_NULL_CONVERSION = YES;
				CLANG_WARN_OBJC_IMPLICIT_RETAIN_SELF = YES;
				CLANG_WARN_OBJC_LITERAL_CONVERSION = YES;
				CLANG_WARN_OBJC_ROOT_CLASS = YES_ERROR;
				CLANG_WARN_RANGE_LOOP_ANALYSIS = YES;
				CLANG_WARN_STRICT_PROTOTYPES = YES;
				CLANG_WARN_SUSPICIOUS_MOVE = YES;
				CLANG_WARN_UNGUARDED_AVAILABILITY = YES_AGGRESSIVE;
				CLANG_WARN_UNREACHABLE_CODE = YES;
				CLANG_WARN__DUPLICATE_METHOD_MATCH = YES;
				CODE_SIGN_IDENTITY = "iPhone Developer";
				COPY_PHASE_STRIP = NO;
				DEBUG_INFORMATION_FORMAT = "dwarf-with-dsym";
				ENABLE_NS_ASSERTIONS = NO;
				ENABLE_STRICT_OBJC_MSGSEND = YES;
				GCC_C_LANGUAGE_STANDARD = gnu11;
				GCC_NO_COMMON_BLOCKS = YES;
				GCC_WARN_64_TO_32_BIT_CONVERSION = YES;
				GCC_WARN_ABOUT_RETURN_TYPE = YES_ERROR;
				GCC_WARN_UNDECLARED_SELECTOR = YES;
				GCC_WARN_UNINITIALIZED_AUTOS = YES_AGGRESSIVE;
				GCC_WARN_UNUSED_FUNCTION = YES;
				GCC_WARN_UNUSED_VARIABLE = YES;
				IPHONEOS_DEPLOYMENT_TARGET = 12.1;
				MTL_ENABLE_DEBUG_INFO = NO;
				MTL_FAST_MATH = YES;
				SDKROOT = iphoneos;
				SWIFT_COMPILATION_MODE = wholemodule;
				SWIFT_OPTIMIZATION_LEVEL = "-O";
				VALIDATE_PRODUCT = YES;
			};
			name = Release;
		};
		BEAABCBE2609A0EB00A18D38 /* Debug */ = {
			isa = XCBuildConfiguration;
			buildSettings = {
				ASSETCATALOG_COMPILER_APPICON_NAME = AppIcon;
				CODE_SIGN_STYLE = Automatic;
				INFOPLIST_FILE = GCD/Info.plist;
				LD_RUNPATH_SEARCH_PATHS = (
					"$(inherited)",
					"@executable_path/Frameworks",
				);
				PRODUCT_BUNDLE_IDENTIFIER = Com.GCD;
				PRODUCT_NAME = "$(TARGET_NAME)";
				SWIFT_VERSION = 4.2;
				TARGETED_DEVICE_FAMILY = "1,2";
			};
			name = Debug;
		};
		BEAABCBF2609A0EB00A18D38 /* Release */ = {
			isa = XCBuildConfiguration;
			buildSettings = {
				ASSETCATALOG_COMPILER_APPICON_NAME = AppIcon;
				CODE_SIGN_STYLE = Automatic;
				INFOPLIST_FILE = GCD/Info.plist;
				LD_RUNPATH_SEARCH_PATHS = (
					"$(inherited)",
					"@executable_path/Frameworks",
				);
				PRODUCT_BUNDLE_IDENTIFIER = Com.GCD;
				PRODUCT_NAME = "$(TARGET_NAME)";
				SWIFT_VERSION = 4.2;
				TARGETED_DEVICE_FAMILY = "1,2";
			};
			name = Release;
		};
		BEAABCC12609A0EB00A18D38 /* Debug */ = {
			isa = XCBuildConfiguration;
			buildSettings = {
				ALWAYS_EMBED_SWIFT_STANDARD_LIBRARIES = YES;
				BUNDLE_LOADER = "$(TEST_HOST)";
				CODE_SIGN_STYLE = Automatic;
				INFOPLIST_FILE = GCDTests/Info.plist;
				LD_RUNPATH_SEARCH_PATHS = (
					"$(inherited)",
					"@executable_path/Frameworks",
					"@loader_path/Frameworks",
				);
				PRODUCT_BUNDLE_IDENTIFIER = Com.GCDTests;
				PRODUCT_NAME = "$(TARGET_NAME)";
				SWIFT_VERSION = 4.2;
				TARGETED_DEVICE_FAMILY = "1,2";
				TEST_HOST = "$(BUILT_PRODUCTS_DIR)/GCD.app/GCD";
			};
			name = Debug;
		};
		BEAABCC22609A0EB00A18D38 /* Release */ = {
			isa = XCBuildConfiguration;
			buildSettings = {
				ALWAYS_EMBED_SWIFT_STANDARD_LIBRARIES = YES;
				BUNDLE_LOADER = "$(TEST_HOST)";
				CODE_SIGN_STYLE = Automatic;
				INFOPLIST_FILE = GCDTests/Info.plist;
				LD_RUNPATH_SEARCH_PATHS = (
					"$(inherited)",
					"@executable_path/Frameworks",
					"@loader_path/Frameworks",
				);
				PRODUCT_BUNDLE_IDENTIFIER = Com.GCDTests;
				PRODUCT_NAME = "$(TARGET_NAME)";
				SWIFT_VERSION = 4.2;
				TARGETED_DEVICE_FAMILY = "1,2";
				TEST_HOST = "$(BUILT_PRODUCTS_DIR)/GCD.app/GCD";
			};
			name = Release;
		};
		BEAABCC42609A0EB00A18D38 /* Debug */ = {
			isa = XCBuildConfiguration;
			buildSettings = {
				ALWAYS_EMBED_SWIFT_STANDARD_LIBRARIES = YES;
				CODE_SIGN_STYLE = Automatic;
				INFOPLIST_FILE = GCDUITests/Info.plist;
				LD_RUNPATH_SEARCH_PATHS = (
					"$(inherited)",
					"@executable_path/Frameworks",
					"@loader_path/Frameworks",
				);
				PRODUCT_BUNDLE_IDENTIFIER = Com.GCDUITests;
				PRODUCT_NAME = "$(TARGET_NAME)";
				SWIFT_VERSION = 4.2;
				TARGETED_DEVICE_FAMILY = "1,2";
				TEST_TARGET_NAME = GCD;
			};
			name = Debug;
		};
		BEAABCC52609A0EB00A18D38 /* Release */ = {
			isa = XCBuildConfiguration;
			buildSettings = {
				ALWAYS_EMBED_SWIFT_STANDARD_LIBRARIES = YES;
				CODE_SIGN_STYLE = Automatic;
				INFOPLIST_FILE = GCDUITests/Info.plist;
				LD_RUNPATH_SEARCH_PATHS = (
					"$(inherited)",
					"@executable_path/Frameworks",
					"@loader_path/Frameworks",
				);
				PRODUCT_BUNDLE_IDENTIFIER = Com.GCDUITests;
				PRODUCT_NAME = "$(TARGET_NAME)";
				SWIFT_VERSION = 4.2;
				TARGETED_DEVICE_FAMILY = "1,2";
				TEST_TARGET_NAME = GCD;
			};
			name = Release;
		};
/* End XCBuildConfiguration section */

/* Begin XCConfigurationList section */
		BEAABC902609A0EA00A18D38 /* Build configuration list for PBXProject "GCD" */ = {
			isa = XCConfigurationList;
			buildConfigurations = (
				BEAABCBB2609A0EB00A18D38 /* Debug */,
				BEAABCBC2609A0EB00A18D38 /* Release */,
			);
			defaultConfigurationIsVisible = 0;
			defaultConfigurationName = Release;
		};
		BEAABCBD2609A0EB00A18D38 /* Build configuration list for PBXNativeTarget "GCD" */ = {
			isa = XCConfigurationList;
			buildConfigurations = (
				BEAABCBE2609A0EB00A18D38 /* Debug */,
				BEAABCBF2609A0EB00A18D38 /* Release */,
			);
			defaultConfigurationIsVisible = 0;
			defaultConfigurationName = Release;
		};
		BEAABCC02609A0EB00A18D38 /* Build configuration list for PBXNativeTarget "GCDTests" */ = {
			isa = XCConfigurationList;
			buildConfigurations = (
				BEAABCC12609A0EB00A18D38 /* Debug */,
				BEAABCC22609A0EB00A18D38 /* Release */,
			);
			defaultConfigurationIsVisible = 0;
			defaultConfigurationName = Release;
		};
		BEAABCC32609A0EB00A18D38 /* Build configuration list for PBXNativeTarget "GCDUITests" */ = {
			isa = XCConfigurationList;
			buildConfigurations = (
				BEAABCC42609A0EB00A18D38 /* Debug */,
				BEAABCC52609A0EB00A18D38 /* Release */,
			);
			defaultConfigurationIsVisible = 0;
			defaultConfigurationName = Release;
		};
/* End XCConfigurationList section */
	};
	rootObject = BEAABC8D2609A0EA00A18D38 /* Project object */;
}
